
Microsoft Visual Studio Solution File, Format Version 12.00
Project("{FAE04EC0-301F-11D3-BF4B-00C04F79EFBC}") = "DotNetBurstComparison.dotnet", "DotNetBurstComparison.dotnet\DotNetBurstComparison.dotnet.csproj", "{34C66811-A2BB-42D0-B52E-623CDDF3A085}"
EndProject
Global
	GlobalSection(SolutionConfigurationPlatforms) = preSolution
		Debug|Any CPU = Debug|Any CPU
		Release|Any CPU = Release|Any CPU
	EndGlobalSection
	GlobalSection(ProjectConfigurationPlatforms) = postSolution
		{34C66811-A2BB-42D0-B52E-623CDDF3A085}.Debug|Any CPU.ActiveCfg = Debug|Any CPU
		{34C66811-A2BB-42D0-B52E-623CDDF3A085}.Debug|Any CPU.Build.0 = Debug|Any CPU
		{34C66811-A2BB-42D0-B52E-623CDDF3A085}.Release|Any CPU.ActiveCfg = Release|Any CPU
		{34C66811-A2BB-42D0-B52E-623CDDF3A085}.Release|Any CPU.Build.0 = Release|Any CPU
	EndGlobalSection
EndGlobal
